
Microsoft Visual Studio Solution File, Format Version 12.00
# Visual Studio Version 16
VisualStudioVersion = 16.0.29418.71
MinimumVisualStudioVersion = 10.0.40219.1
Project("{FAE04EC0-301F-11D3-BF4B-00C04F79EFBC}") = "CodeChallenge.ItemTwo", "CodeChallenge.ItemTwo\CodeChallenge.ItemTwo.csproj", "{BF2DA7A5-692E-4D11-9B3A-872AD3F5CDE4}"
EndProject
Global
	GlobalSection(SolutionConfigurationPlatforms) = preSolution
		Debug|Any CPU = Debug|Any CPU
		Release|Any CPU = Release|Any CPU
	EndGlobalSection
	GlobalSection(ProjectConfigurationPlatforms) = postSolution
		{BF2DA7A5-692E-4D11-9B3A-872AD3F5CDE4}.Debug|Any CPU.ActiveCfg = Debug|Any CPU
		{BF2DA7A5-692E-4D11-9B3A-872AD3F5CDE4}.Debug|Any CPU.Build.0 = Debug|Any CPU
		{BF2DA7A5-692E-4D11-9B3A-872AD3F5CDE4}.Release|Any CPU.ActiveCfg = Release|Any CPU
		{BF2DA7A5-692E-4D11-9B3A-872AD3F5CDE4}.Release|Any CPU.Build.0 = Release|Any CPU
	EndGlobalSection
	GlobalSection(SolutionProperties) = preSolution
		HideSolutionNode = FALSE
	EndGlobalSection
	GlobalSection(ExtensibilityGlobals) = postSolution
		SolutionGuid = {D9F613D3-2470-40C3-A848-EE11EB4B62FF}
	EndGlobalSection
EndGlobal
